{
  "projects": [
    {
      "projectId": "gmeH6XgPaBtkt51HunAo4g",
      "version": "18.17.0",
      "dependencies": {},
      "lang": "js",
      "fileLocks": [
        {
          "assetId": "gmeH6XgPaBtkt51HunAo4g",
          "type": "projectCss",
          "checksum": "1c02168c6b23256606111fdfdbb63549"
        }
      ],
      "codegenVersion": "0.0.1"
    },
    {
      "projectId": "7nJ7UcFmq9UzB6eXfC5z4a",
      "version": "0.31.0",
      "dependencies": {},
      "lang": "js",
      "fileLocks": [
        {
          "assetId": "7nJ7UcFmq9UzB6eXfC5z4a",
          "type": "projectCss",
          "checksum": "01e8cee5b9ce00fbc93f494c2a40dbf1"
        }
      ],
      "codegenVersion": "0.0.1"
    },
    {
      "projectId": "b3A98xAuzjmqz7n1KjRySq",
      "version": "latest",
      "dependencies": {
        "7nJ7UcFmq9UzB6eXfC5z4a": "0.31.0",
        "gmeH6XgPaBtkt51HunAo4g": "18.17.0"
      },
      "lang": "js",
      "fileLocks": [
        {
          "type": "globalVariant",
          "assetId": "d-c4sM9BtzvH",
          "checksum": "8a3fdf13a58b199d5c0a4b9428ae17f7"
        },
        {
          "assetId": "b3A98xAuzjmqz7n1KjRySq",
          "type": "projectCss",
          "checksum": "56d8beef592fbdc997690595de13a219"
        },
        {
          "type": "renderModule",
          "assetId": "-IqrinOZtZ50",
          "checksum": "64cc6ee2ac2c43537ac9ae8d26ff2ba3"
        },
        {
          "type": "cssRules",
          "assetId": "-IqrinOZtZ50",
          "checksum": "64cc6ee2ac2c43537ac9ae8d26ff2ba3"
        },
        {
          "type": "renderModule",
          "assetId": "qNVrAAW10BN8",
          "checksum": "3819f77e360641e0881d7cea113c5458"
        },
        {
          "type": "cssRules",
          "assetId": "qNVrAAW10BN8",
          "checksum": "3819f77e360641e0881d7cea113c5458"
        },
        {
          "type": "renderModule",
          "assetId": "ZMan5v-cAgVj",
          "checksum": "335d5dcb3a0f690ca0d6076e12585c6c"
        },
        {
          "type": "cssRules",
          "assetId": "ZMan5v-cAgVj",
          "checksum": "335d5dcb3a0f690ca0d6076e12585c6c"
        },
        {
          "type": "renderModule",
          "assetId": "3qZd50KAbhlj",
          "checksum": "4aeb3a5df14cb25d7f8af3e67cba93d2"
        },
        {
          "type": "cssRules",
          "assetId": "3qZd50KAbhlj",
          "checksum": "4aeb3a5df14cb25d7f8af3e67cba93d2"
        },
        {
          "type": "renderModule",
          "assetId": "v8D2PtSodR0v",
          "checksum": "40b1851b676913a244ebc250eda34711"
        },
        {
          "type": "cssRules",
          "assetId": "v8D2PtSodR0v",
          "checksum": "40b1851b676913a244ebc250eda34711"
        },
        {
          "type": "renderModule",
          "assetId": "EblP9rNse-Tr",
          "checksum": "c7116321ef4fdf2763e23f3f15b4b757"
        },
        {
          "type": "cssRules",
          "assetId": "EblP9rNse-Tr",
          "checksum": "c7116321ef4fdf2763e23f3f15b4b757"
        },
        {
          "type": "renderModule",
          "assetId": "rxtOxq8OaOMN",
          "checksum": "3cd79773f5d2e8c0841cc6c696775628"
        },
        {
          "type": "cssRules",
          "assetId": "rxtOxq8OaOMN",
          "checksum": "3cd79773f5d2e8c0841cc6c696775628"
        },
        {
          "type": "renderModule",
          "assetId": "f0cuDtz11Zgk",
          "checksum": "2509a65666c6d0a2e175afe7fa5287f2"
        },
        {
          "type": "cssRules",
          "assetId": "f0cuDtz11Zgk",
          "checksum": "2509a65666c6d0a2e175afe7fa5287f2"
        },
        {
          "type": "renderModule",
          "assetId": "ThzkKi0IpZPK",
          "checksum": "36ff3be473b91eb2c56ab374a03fd245"
        },
        {
          "type": "cssRules",
          "assetId": "ThzkKi0IpZPK",
          "checksum": "36ff3be473b91eb2c56ab374a03fd245"
        },
        {
          "type": "renderModule",
          "assetId": "IDIv1zhvJrUH",
          "checksum": "91c5a8491ec6fd814ffb6c8308da5002"
        },
        {
          "type": "cssRules",
          "assetId": "IDIv1zhvJrUH",
          "checksum": "91c5a8491ec6fd814ffb6c8308da5002"
        },
        {
          "type": "renderModule",
          "assetId": "NaZNs0zYERHd",
          "checksum": "57015dd03b50b10079f011049f7a7466"
        },
        {
          "type": "cssRules",
          "assetId": "NaZNs0zYERHd",
          "checksum": "57015dd03b50b10079f011049f7a7466"
        },
        {
          "type": "icon",
          "assetId": "aaxa8QbbKdwb",
          "checksum": "9d33d0893d57b16297193275940310f3"
        },
        {
          "type": "icon",
          "assetId": "dX3eoQp3L-Hb",
          "checksum": "cd556b9d923fb30ab6fcbd28dbfc2e68"
        },
        {
          "type": "icon",
          "assetId": "UCjozbeFtvJW",
          "checksum": "cdf5b24b3fa21004f155b4db993176a8"
        },
        {
          "type": "icon",
          "assetId": "DuV3Ca4-O52c",
          "checksum": "06fc9136de17fe439136b78b24afdd21"
        },
        {
          "type": "icon",
          "assetId": "2MIJo3Ce7IRo",
          "checksum": "682bbb5c2a9efd62d4331e13b800477c"
        },
        {
          "type": "icon",
          "assetId": "NHOC2LGhslsF",
          "checksum": "8b9c151ef31d0753920845e8766c7ff5"
        },
        {
          "type": "icon",
          "assetId": "Ke0q3B_ZCbB6",
          "checksum": "c4f7f856542414c75c12e4809862101c"
        },
        {
          "type": "icon",
          "assetId": "eRLuMGuLMcmD",
          "checksum": "c3f66c516a3aed394c427359b71c9448"
        },
        {
          "type": "icon",
          "assetId": "ZDsbZS5QO4Ue",
          "checksum": "3cd434e0776dfd5e7e449d19795dd93a"
        },
        {
          "type": "icon",
          "assetId": "kwhQa2wQUqBm",
          "checksum": "70edf3f260f02a14e49846229df3f45c"
        },
        {
          "type": "icon",
          "assetId": "QJORYt1RF8MB",
          "checksum": "d043f88b6312d07d3db7aba27267e85f"
        },
        {
          "type": "icon",
          "assetId": "ouZygiiwPIQD",
          "checksum": "59d853cf8ac2f017cec3effa7ed7f0e7"
        },
        {
          "type": "icon",
          "assetId": "emwrKvxc7A0S",
          "checksum": "5b1887749464d60c3adbab1655143d90"
        },
        {
          "type": "image",
          "assetId": "s6pHfi5lVvZJ",
          "checksum": "a0f91fd73df13f5eb6ce848e8df01962"
        },
        {
          "type": "image",
          "assetId": "cSqXIGDwFEYt",
          "checksum": "962512d0843d42db7f8789f94d82abeb"
        },
        {
          "type": "image",
          "assetId": "qbvFvP7FpYnU",
          "checksum": "b06f26cd4a835f33cfaf0a70b8d621a6"
        },
        {
          "type": "image",
          "assetId": "UdCQeRfbm9gV",
          "checksum": "5adf7178bd07e0d6ccc8a66c681091d8"
        },
        {
          "type": "image",
          "assetId": "hx9c9aHYYtPa",
          "checksum": "ad85938ede1c7229cda56a209f02fd46"
        },
        {
          "type": "image",
          "assetId": "djLyCu0nMfI8",
          "checksum": "6c4a04496f42f36630f807752cb8b967"
        },
        {
          "type": "image",
          "assetId": "gapd9drUGztn",
          "checksum": "8a87563d1ff49018c2f6376e6dfe4f32"
        },
        {
          "type": "image",
          "assetId": "VEnE69rLzk99",
          "checksum": "019f4cb2dd9c9d6b20dc48d2328ac640"
        },
        {
          "type": "image",
          "assetId": "SJtkUNPrebBb",
          "checksum": "b9ddbfaaad9674ed36fdf5c29acf5a1c"
        },
        {
          "type": "image",
          "assetId": "ryDXLw5lMul6",
          "checksum": "ee9df42a483932e43b617b91803029c4"
        },
        {
          "type": "image",
          "assetId": "P6YVNBcmWusr",
          "checksum": "6e562b8aa3a337d8118d03a015ccca9f"
        },
        {
          "type": "image",
          "assetId": "LheWxYZIxT0D",
          "checksum": "3a3994756df550e360af2a34d2f0d5e4"
        },
        {
          "type": "image",
          "assetId": "Fzj_RmpPEU5U",
          "checksum": "a9378bbee465cdbe01d8321493e26052"
        },
        {
          "type": "image",
          "assetId": "hSHln5NyMa3f",
          "checksum": "58a4eb290477890e74c97af7ea56230d"
        },
        {
          "type": "image",
          "assetId": "z0A1ESWVTpBY",
          "checksum": "15eae9bbe24c0234bee7c261c2d09c7c"
        },
        {
          "type": "image",
          "assetId": "TMU88lwKXAE1",
          "checksum": "30744aface0ee6a042eb8c15b7de21af"
        },
        {
          "type": "image",
          "assetId": "zoyUqclH_Tkr",
          "checksum": "fba69565c1fbe9e7be74e276ea09088f"
        },
        {
          "type": "image",
          "assetId": "-WFCJwb7etyl",
          "checksum": "4d58789094b681cd4621528a14f01715"
        },
        {
          "type": "image",
          "assetId": "2z67TvYqcGFd",
          "checksum": "382b299737bcd90133278d81952c6c37"
        },
        {
          "type": "image",
          "assetId": "UF1FxaRFDzZf",
          "checksum": "12e3c377bf7ab4338035c9b14fee98f0"
        },
        {
          "type": "image",
          "assetId": "V73KGycJNKJ3",
          "checksum": "a34ce767678c25aaf0c624411fd6f438"
        },
        {
          "type": "image",
          "assetId": "VFOHPtPEZrUx",
          "checksum": "39335848f3224de266319d4daede70d8"
        },
        {
          "type": "image",
          "assetId": "3pxZeb71RxCo",
          "checksum": "500a96f0e8c28865410843362696f215"
        },
        {
          "type": "image",
          "assetId": "aws9AFMaxvGr",
          "checksum": "0656c59d21f6184d4851e9f4118da10d"
        },
        {
          "type": "image",
          "assetId": "7VwYQX0hGPPc",
          "checksum": "023f50b885652589157e23defe6016e5"
        },
        {
          "type": "image",
          "assetId": "VK8Fxq4Nsick",
          "checksum": "fc088e59d7cf555c5968ed48eb148e5e"
        },
        {
          "type": "image",
          "assetId": "JwYV-ie0u5PK",
          "checksum": "d5cd0e72873c3b66e3f1d5b1ba9acad7"
        },
        {
          "type": "image",
          "assetId": "8tMimaxAFcuS",
          "checksum": "a88acfa45430c945ef82129dbe8b3cf8"
        },
        {
          "type": "image",
          "assetId": "w7jDnObGSnAq",
          "checksum": "9eaba477c38f549fe2e0eadcad2bcd72"
        },
        {
          "type": "image",
          "assetId": "F7FahHUZnfBW",
          "checksum": "1671b97e6b73e4f29799dd2d9597882e"
        },
        {
          "type": "image",
          "assetId": "e08Hed8Z4n_9",
          "checksum": "604663302e732ec831043f8ed53c2316"
        },
        {
          "type": "image",
          "assetId": "F2P3aiTrw7ko",
          "checksum": "8d9e6734dee0f930c97fced91db0d955"
        },
        {
          "type": "image",
          "assetId": "zeUgjAVaycaz",
          "checksum": "f0d23364b0a54bdb646c7cb61880aafc"
        },
        {
          "type": "image",
          "assetId": "h6zLqb6ocdF_",
          "checksum": "3284618d2408bae1a38aa85a8abfa741"
        },
        {
          "type": "image",
          "assetId": "YIFUev6aMTPk",
          "checksum": "5ad70455f9d5d9c66d98b706b10cbb2b"
        },
        {
          "type": "image",
          "assetId": "EEtmPXxAYAE1",
          "checksum": "a7b7321acbeb37e7b2483818e5b80654"
        },
        {
          "type": "image",
          "assetId": "7CkGi89iBhQV",
          "checksum": "3dd6cf476ecdb62c2afcd7489bc5c135"
        },
        {
          "type": "image",
          "assetId": "R720u7kbIFKS",
          "checksum": "3f1c7aee93cd52f17d7d8807615439a3"
        },
        {
          "type": "image",
          "assetId": "20U1YGpqRPdX",
          "checksum": "2ef39ecbc9160dd14044f1341d2ecea1"
        },
        {
          "type": "image",
          "assetId": "EAUyHcdJ6lZb",
          "checksum": "b49588464df96b99f9ac695b43fc1212"
        },
        {
          "type": "image",
          "assetId": "SF6EO7awetPO",
          "checksum": "feff524b011b3763305b5d47cfa64b31"
        },
        {
          "type": "image",
          "assetId": "G39CDvVXI3Gt",
          "checksum": "42335f4d4bbb05eeef95b6e7938e6aad"
        },
        {
          "type": "image",
          "assetId": "IwPhguZhw_nf",
          "checksum": "4ceca38cc533a3cc46c4d532140f65b6"
        },
        {
          "type": "image",
          "assetId": "zD_R3oS5hBPj",
          "checksum": "28cb42543b0799090c989c7ec6fd7920"
        },
        {
          "type": "image",
          "assetId": "jjy5TGrCKuDM",
          "checksum": "5294241e170c4d0eb0b8a8592b158966"
        },
        {
          "type": "image",
          "assetId": "xBfTpH5Tiymd",
          "checksum": "711228370fa653075060430ac7477f81"
        },
        {
          "type": "image",
          "assetId": "zrjePUcgwX1o",
          "checksum": "fbce52e2c8696b92f719970cb2da4547"
        },
        {
          "type": "image",
          "assetId": "bYhTigGg973i",
          "checksum": "06bada941b60affe0afc773d495d3fda"
        },
        {
          "type": "image",
          "assetId": "qL126ox-xHTU",
          "checksum": "a9c3768f3e178f3f82739af9c7bae9f7"
        },
        {
          "type": "image",
          "assetId": "A0YTKlHQzdgu",
          "checksum": "f1cc1c9777167086f769b8948c71e2b0"
        },
        {
          "type": "image",
          "assetId": "lKd_dEvfX3HE",
          "checksum": "299c05927d01878187f471c02f2e4a14"
        },
        {
          "type": "image",
          "assetId": "E0YPfAeOAelz",
          "checksum": "07a2a2bff2423352f61765b2c4371696"
        },
        {
          "type": "image",
          "assetId": "_-k7vPtwqdad",
          "checksum": "c7eb2927ff594f054abc8ce775c1d93a"
        }
      ],
      "codegenVersion": "0.0.1"
    }
  ],
  "cliVersion": "0.1.338"
}
